
Microsoft Visual Studio Solution File, Format Version 12.00
# Visual Studio Version 16
VisualStudioVersion = 16.0.29728.190
MinimumVisualStudioVersion = 10.0.40219.1
Project("{FAE04EC0-301F-11D3-BF4B-00C04F79EFBC}") = "PruebaOperadoresAritmeticos", "PruebaOperadoresAritmeticos\PruebaOperadoresAritmeticos.csproj", "{AC2C134F-82EB-47B9-920E-E897BC152F41}"
EndProject
Project("{FAE04EC0-301F-11D3-BF4B-00C04F79EFBC}") = "EjemploDecisionSimple", "EjemploDecisionSimple\EjemploDecisionSimple.csproj", "{D195BB55-9889-4FC6-AF79-D072B2D7717A}"
EndProject
Global
	GlobalSection(SolutionConfigurationPlatforms) = preSolution
		Debug|Any CPU = Debug|Any CPU
		Release|Any CPU = Release|Any CPU
	EndGlobalSection
	GlobalSection(ProjectConfigurationPlatforms) = postSolution
		{AC2C134F-82EB-47B9-920E-E897BC152F41}.Debug|Any CPU.ActiveCfg = Debug|Any CPU
		{AC2C134F-82EB-47B9-920E-E897BC152F41}.Debug|Any CPU.Build.0 = Debug|Any CPU
		{AC2C134F-82EB-47B9-920E-E897BC152F41}.Release|Any CPU.ActiveCfg = Release|Any CPU
		{AC2C134F-82EB-47B9-920E-E897BC152F41}.Release|Any CPU.Build.0 = Release|Any CPU
		{D195BB55-9889-4FC6-AF79-D072B2D7717A}.Debug|Any CPU.ActiveCfg = Debug|Any CPU
		{D195BB55-9889-4FC6-AF79-D072B2D7717A}.Debug|Any CPU.Build.0 = Debug|Any CPU
		{D195BB55-9889-4FC6-AF79-D072B2D7717A}.Release|Any CPU.ActiveCfg = Release|Any CPU
		{D195BB55-9889-4FC6-AF79-D072B2D7717A}.Release|Any CPU.Build.0 = Release|Any CPU
	EndGlobalSection
	GlobalSection(SolutionProperties) = preSolution
		HideSolutionNode = FALSE
	EndGlobalSection
	GlobalSection(ExtensibilityGlobals) = postSolution
		SolutionGuid = {8A38BD0F-43E4-4DBA-9D75-3B2BDB3412E2}
	EndGlobalSection
EndGlobal
