
Microsoft Visual Studio Solution File, Format Version 12.00
# Visual Studio Version 16
VisualStudioVersion = 16.0.29613.14
MinimumVisualStudioVersion = 10.0.40219.1
Project("{FAE04EC0-301F-11D3-BF4B-00C04F79EFBC}") = "SistemaCalculo", "SistemaCalculo.csproj", "{CE252D1C-67FE-47E1-83C5-18521135034F}"
EndProject
Project("{FAE04EC0-301F-11D3-BF4B-00C04F79EFBC}") = "PruebaConversion", "..\PruebaConversion\PruebaConversion.csproj", "{15347044-D879-4631-AD06-233BAEFC6BAF}"
EndProject
Project("{FAE04EC0-301F-11D3-BF4B-00C04F79EFBC}") = "PruebaEnumeraciones", "..\PruebaEnumeraciones\PruebaEnumeraciones.csproj", "{48157F15-AA91-481B-BDE5-07AB224A13FB}"
EndProject
Project("{FAE04EC0-301F-11D3-BF4B-00C04F79EFBC}") = "PracticaConstante", "..\PracticaConstante\PracticaConstante.csproj", "{CAD77CE0-EBC8-437D-9571-3A6194BD8767}"
EndProject
Project("{FAE04EC0-301F-11D3-BF4B-00C04F79EFBC}") = "Formulario1", "..\Formulario1\Formulario1.csproj", "{20939BAE-3ABB-43C4-A748-37526E1434F2}"
EndProject
Global
	GlobalSection(SolutionConfigurationPlatforms) = preSolution
		Debug|Any CPU = Debug|Any CPU
		Release|Any CPU = Release|Any CPU
	EndGlobalSection
	GlobalSection(ProjectConfigurationPlatforms) = postSolution
		{CE252D1C-67FE-47E1-83C5-18521135034F}.Debug|Any CPU.ActiveCfg = Debug|Any CPU
		{CE252D1C-67FE-47E1-83C5-18521135034F}.Debug|Any CPU.Build.0 = Debug|Any CPU
		{CE252D1C-67FE-47E1-83C5-18521135034F}.Release|Any CPU.ActiveCfg = Release|Any CPU
		{CE252D1C-67FE-47E1-83C5-18521135034F}.Release|Any CPU.Build.0 = Release|Any CPU
		{15347044-D879-4631-AD06-233BAEFC6BAF}.Debug|Any CPU.ActiveCfg = Debug|Any CPU
		{15347044-D879-4631-AD06-233BAEFC6BAF}.Debug|Any CPU.Build.0 = Debug|Any CPU
		{15347044-D879-4631-AD06-233BAEFC6BAF}.Release|Any CPU.ActiveCfg = Release|Any CPU
		{15347044-D879-4631-AD06-233BAEFC6BAF}.Release|Any CPU.Build.0 = Release|Any CPU
		{48157F15-AA91-481B-BDE5-07AB224A13FB}.Debug|Any CPU.ActiveCfg = Debug|Any CPU
		{48157F15-AA91-481B-BDE5-07AB224A13FB}.Debug|Any CPU.Build.0 = Debug|Any CPU
		{48157F15-AA91-481B-BDE5-07AB224A13FB}.Release|Any CPU.ActiveCfg = Release|Any CPU
		{48157F15-AA91-481B-BDE5-07AB224A13FB}.Release|Any CPU.Build.0 = Release|Any CPU
		{CAD77CE0-EBC8-437D-9571-3A6194BD8767}.Debug|Any CPU.ActiveCfg = Debug|Any CPU
		{CAD77CE0-EBC8-437D-9571-3A6194BD8767}.Debug|Any CPU.Build.0 = Debug|Any CPU
		{CAD77CE0-EBC8-437D-9571-3A6194BD8767}.Release|Any CPU.ActiveCfg = Release|Any CPU
		{CAD77CE0-EBC8-437D-9571-3A6194BD8767}.Release|Any CPU.Build.0 = Release|Any CPU
		{20939BAE-3ABB-43C4-A748-37526E1434F2}.Debug|Any CPU.ActiveCfg = Debug|Any CPU
		{20939BAE-3ABB-43C4-A748-37526E1434F2}.Debug|Any CPU.Build.0 = Debug|Any CPU
		{20939BAE-3ABB-43C4-A748-37526E1434F2}.Release|Any CPU.ActiveCfg = Release|Any CPU
		{20939BAE-3ABB-43C4-A748-37526E1434F2}.Release|Any CPU.Build.0 = Release|Any CPU
	EndGlobalSection
	GlobalSection(SolutionProperties) = preSolution
		HideSolutionNode = FALSE
	EndGlobalSection
	GlobalSection(ExtensibilityGlobals) = postSolution
		SolutionGuid = {1724FF28-350A-40EE-93B6-1EAFF1C31B96}
	EndGlobalSection
EndGlobal
